
Microsoft Visual Studio Solution File, Format Version 12.00
# Visual Studio Version 16
VisualStudioVersion = 16.0.29920.165
MinimumVisualStudioVersion = 10.0.40219.1
Project("{9092AA53-FB77-4645-B42D-1CCCA6BD08BD}") = "Site", "Site\Site.njsproj", "{108FC006-D1FD-4D0B-983F-8A260B74F1EA}"
EndProject
Project("{9A19103F-16F7-4668-BE54-9A1E7A4F7556}") = "API", "API\API.csproj", "{0E74837A-C2AC-45A9-AE10-F50CB6814D87}"
EndProject
Global
	GlobalSection(SolutionConfigurationPlatforms) = preSolution
		Debug|Any CPU = Debug|Any CPU
		Release|Any CPU = Release|Any CPU
	EndGlobalSection
	GlobalSection(ProjectConfigurationPlatforms) = postSolution
		{108FC006-D1FD-4D0B-983F-8A260B74F1EA}.Debug|Any CPU.ActiveCfg = Debug|Any CPU
		{108FC006-D1FD-4D0B-983F-8A260B74F1EA}.Debug|Any CPU.Build.0 = Debug|Any CPU
		{108FC006-D1FD-4D0B-983F-8A260B74F1EA}.Release|Any CPU.ActiveCfg = Release|Any CPU
		{108FC006-D1FD-4D0B-983F-8A260B74F1EA}.Release|Any CPU.Build.0 = Release|Any CPU
		{0E74837A-C2AC-45A9-AE10-F50CB6814D87}.Debug|Any CPU.ActiveCfg = Debug|Any CPU
		{0E74837A-C2AC-45A9-AE10-F50CB6814D87}.Debug|Any CPU.Build.0 = Debug|Any CPU
		{0E74837A-C2AC-45A9-AE10-F50CB6814D87}.Release|Any CPU.ActiveCfg = Release|Any CPU
		{0E74837A-C2AC-45A9-AE10-F50CB6814D87}.Release|Any CPU.Build.0 = Release|Any CPU
	EndGlobalSection
	GlobalSection(SolutionProperties) = preSolution
		HideSolutionNode = FALSE
	EndGlobalSection
	GlobalSection(ExtensibilityGlobals) = postSolution
		SolutionGuid = {EAA90794-B107-43C0-9544-0C6595FA8230}
	EndGlobalSection
EndGlobal
